
Microsoft Visual Studio Solution File, Format Version 12.00
# Visual Studio Version 17
VisualStudioVersion = 17.10.35013.160
MinimumVisualStudioVersion = 10.0.40219.1
Project("{8BC9CEB8-8B4A-11D0-8D11-00A0C91BC942}") = "ConsoleApplication1", "ConsoleApplication1\ConsoleApplication1.vcxproj", "{CC800CBE-0390-4B2F-B0EB-DC916F36FCF4}"
EndProject
Project("{8BC9CEB8-8B4A-11D0-8D11-00A0C91BC942}") = "Server_v1", "Server_v1\Server_v1.vcxproj", "{82F6A942-AD12-4B5D-A360-BDBD0CDAACDF}"
EndProject
Project("{8BC9CEB8-8B4A-11D0-8D11-00A0C91BC942}") = "Client_v1", "Client_v1\Client_v1.vcxproj", "{48BCBFE7-A2CD-496F-BBCB-96D8B5617FA1}"
EndProject
Global
	GlobalSection(SolutionConfigurationPlatforms) = preSolution
		Debug|x64 = Debug|x64
		Debug|x86 = Debug|x86
		Release|x64 = Release|x64
		Release|x86 = Release|x86
	EndGlobalSection
	GlobalSection(ProjectConfigurationPlatforms) = postSolution
		{CC800CBE-0390-4B2F-B0EB-DC916F36FCF4}.Debug|x64.ActiveCfg = Debug|x64
		{CC800CBE-0390-4B2F-B0EB-DC916F36FCF4}.Debug|x64.Build.0 = Debug|x64
		{CC800CBE-0390-4B2F-B0EB-DC916F36FCF4}.Debug|x86.ActiveCfg = Debug|Win32
		{CC800CBE-0390-4B2F-B0EB-DC916F36FCF4}.Debug|x86.Build.0 = Debug|Win32
		{CC800CBE-0390-4B2F-B0EB-DC916F36FCF4}.Release|x64.ActiveCfg = Release|x64
		{CC800CBE-0390-4B2F-B0EB-DC916F36FCF4}.Release|x64.Build.0 = Release|x64
		{CC800CBE-0390-4B2F-B0EB-DC916F36FCF4}.Release|x86.ActiveCfg = Release|Win32
		{CC800CBE-0390-4B2F-B0EB-DC916F36FCF4}.Release|x86.Build.0 = Release|Win32
		{82F6A942-AD12-4B5D-A360-BDBD0CDAACDF}.Debug|x64.ActiveCfg = Debug|x64
		{82F6A942-AD12-4B5D-A360-BDBD0CDAACDF}.Debug|x64.Build.0 = Debug|x64
		{82F6A942-AD12-4B5D-A360-BDBD0CDAACDF}.Debug|x86.ActiveCfg = Debug|Win32
		{82F6A942-AD12-4B5D-A360-BDBD0CDAACDF}.Debug|x86.Build.0 = Debug|Win32
		{82F6A942-AD12-4B5D-A360-BDBD0CDAACDF}.Release|x64.ActiveCfg = Release|x64
		{82F6A942-AD12-4B5D-A360-BDBD0CDAACDF}.Release|x64.Build.0 = Release|x64
		{82F6A942-AD12-4B5D-A360-BDBD0CDAACDF}.Release|x86.ActiveCfg = Release|Win32
		{82F6A942-AD12-4B5D-A360-BDBD0CDAACDF}.Release|x86.Build.0 = Release|Win32
		{48BCBFE7-A2CD-496F-BBCB-96D8B5617FA1}.Debug|x64.ActiveCfg = Debug|x64
		{48BCBFE7-A2CD-496F-BBCB-96D8B5617FA1}.Debug|x64.Build.0 = Debug|x64
		{48BCBFE7-A2CD-496F-BBCB-96D8B5617FA1}.Debug|x86.ActiveCfg = Debug|Win32
		{48BCBFE7-A2CD-496F-BBCB-96D8B5617FA1}.Debug|x86.Build.0 = Debug|Win32
		{48BCBFE7-A2CD-496F-BBCB-96D8B5617FA1}.Release|x64.ActiveCfg = Release|x64
		{48BCBFE7-A2CD-496F-BBCB-96D8B5617FA1}.Release|x64.Build.0 = Release|x64
		{48BCBFE7-A2CD-496F-BBCB-96D8B5617FA1}.Release|x86.ActiveCfg = Release|Win32
		{48BCBFE7-A2CD-496F-BBCB-96D8B5617FA1}.Release|x86.Build.0 = Release|Win32
	EndGlobalSection
	GlobalSection(SolutionProperties) = preSolution
		HideSolutionNode = FALSE
	EndGlobalSection
	GlobalSection(ExtensibilityGlobals) = postSolution
		SolutionGuid = {8F3BD9D6-03C9-49E6-9B44-EBBA4716063B}
	EndGlobalSection
EndGlobal
