<?xml version="1.0" encoding="utf-8"?>
<Project ToolsVersion="4.0" xmlns="http://schemas.microsoft.com/developer/msbuild/2003">
  <ItemGroup>
    <Filter Include="Source Files">
      <UniqueIdentifier>{4FC737F1-C7A5-4376-A066-2A32D752A2FF}</UniqueIdentifier>
      <Extensions>cpp;c;cc;cxx;c++;cppm;ixx;def;odl;idl;hpj;bat;asm;asmx</Extensions>
    </Filter>
    <Filter Include="Resource Files">
      <UniqueIdentifier>{67DA6AB6-F800-4c08-8B7A-83BB121AAD01}</UniqueIdentifier>
      <Extensions>rc;ico;cur;bmp;dlg;rc2;rct;bin;rgs;gif;jpg;jpeg;jpe;resx;tiff;tif;png;wav;mfcribbon-ms</Extensions>
    </Filter>
    <Filter Include="Source Files\00. MainGame">
      <UniqueIdentifier>{3a4682f0-edfd-4722-b545-2893ecfb970d}</UniqueIdentifier>
    </Filter>
    <Filter Include="Source Files\01. Manager">
      <UniqueIdentifier>{289dcd3a-5a2b-4e5e-840f-bb8c78d53b62}</UniqueIdentifier>
    </Filter>
    <Filter Include="Source Files\02. Scene">
      <UniqueIdentifier>{92b7b21d-5fa5-467c-930d-9ba51adb06ac}</UniqueIdentifier>
    </Filter>
    <Filter Include="Source Files\03. Objects">
      <UniqueIdentifier>{a01aaccc-6691-4e0e-b5c1-1c25c9d53092}</UniqueIdentifier>
    </Filter>
    <Filter Include="Source Files\04. Resources">
      <UniqueIdentifier>{e8a23518-3d01-4a66-93dd-8f3cde66a337}</UniqueIdentifier>
    </Filter>
    <Filter Include="Source Files\99. Headers">
      <UniqueIdentifier>{fdb63186-6df3-40b7-8ae3-fef372a7ad2c}</UniqueIdentifier>
    </Filter>
    <Filter Include="Source Files\99. Headers\Andromeda">
      <UniqueIdentifier>{f9437db4-5b07-4b32-8d1d-5a5d6815f404}</UniqueIdentifier>
    </Filter>
    <Filter Include="Source Files\02. Scene\Game">
      <UniqueIdentifier>{44fdf069-bf6f-4ec9-a897-0d13d8050886}</UniqueIdentifier>
    </Filter>
  </ItemGroup>
  <ItemGroup>
    <ClInclude Include="GameCoding.h">
      <Filter>Source Files\00. MainGame</Filter>
    </ClInclude>
    <ClInclude Include="pch.h">
      <Filter>Source Files\99. Headers</Filter>
    </ClInclude>
    <ClInclude Include="Defines.h">
      <Filter>Source Files\99. Headers</Filter>
    </ClInclude>
    <ClInclude Include="Enums.h">
      <Filter>Source Files\99. Headers</Filter>
    </ClInclude>
    <ClInclude Include="Types.h">
      <Filter>Source Files\99. Headers</Filter>
    </ClInclude>
    <ClInclude Include="framework.h">
      <Filter>Source Files\99. Headers\Andromeda</Filter>
    </ClInclude>
    <ClInclude Include="Resource.h">
      <Filter>Source Files\99. Headers\Andromeda</Filter>
    </ClInclude>
    <ClInclude Include="targetver.h">
      <Filter>Source Files\99. Headers\Andromeda</Filter>
    </ClInclude>
    <ClInclude Include="Game.h">
      <Filter>Source Files\00. MainGame</Filter>
    </ClInclude>
    <ClInclude Include="TimeManager.h">
      <Filter>Source Files\01. Manager</Filter>
    </ClInclude>
    <ClInclude Include="InputManager.h">
      <Filter>Source Files\01. Manager</Filter>
    </ClInclude>
    <ClInclude Include="Utils.h">
      <Filter>Source Files\99. Headers</Filter>
    </ClInclude>
    <ClInclude Include="SceneManager.h">
      <Filter>Source Files\01. Manager</Filter>
    </ClInclude>
    <ClInclude Include="DevScene.h">
      <Filter>Source Files\02. Scene\Game</Filter>
    </ClInclude>
    <ClInclude Include="GameScene.h">
      <Filter>Source Files\02. Scene\Game</Filter>
    </ClInclude>
    <ClInclude Include="Scene.h">
      <Filter>Source Files\02. Scene</Filter>
    </ClInclude>
  </ItemGroup>
  <ItemGroup>
    <ResourceCompile Include="GameCoding.rc">
      <Filter>Resource Files</Filter>
    </ResourceCompile>
  </ItemGroup>
  <ItemGroup>
    <Image Include="small.ico">
      <Filter>Resource Files</Filter>
    </Image>
    <Image Include="GameCoding.ico">
      <Filter>Resource Files</Filter>
    </Image>
  </ItemGroup>
  <ItemGroup>
    <ClCompile Include="GameCoding.cpp">
      <Filter>Source Files\00. MainGame</Filter>
    </ClCompile>
    <ClCompile Include="pch.cpp">
      <Filter>Source Files\99. Headers</Filter>
    </ClCompile>
    <ClCompile Include="Game.cpp">
      <Filter>Source Files\00. MainGame</Filter>
    </ClCompile>
    <ClCompile Include="TimeManager.cpp">
      <Filter>Source Files\01. Manager</Filter>
    </ClCompile>
    <ClCompile Include="InputManager.cpp">
      <Filter>Source Files\01. Manager</Filter>
    </ClCompile>
    <ClCompile Include="Utils.cpp">
      <Filter>Source Files\99. Headers</Filter>
    </ClCompile>
    <ClCompile Include="SceneManager.cpp">
      <Filter>Source Files\01. Manager</Filter>
    </ClCompile>
    <ClCompile Include="DevScene.cpp">
      <Filter>Source Files\02. Scene\Game</Filter>
    </ClCompile>
    <ClCompile Include="GameScene.cpp">
      <Filter>Source Files\02. Scene\Game</Filter>
    </ClCompile>
    <ClCompile Include="Scene.cpp">
      <Filter>Source Files\02. Scene</Filter>
    </ClCompile>
  </ItemGroup>
</Project>